Microsoft Visual Studio Solution File, Format Version 11.00
# Visual Studio 2008

Project("{E10D8391-8055-A125-9803-0C0FE320D6C6}") = "NonStopRunning", "Assembly-CSharp.csproj", "{EDADD7AD-BC7A-4568-D457-33674703EF30}"
EndProject
Project("{E10D8391-8055-A125-9803-0C0FE320D6C6}") = "NonStopRunning", "Assembly-CSharp-Editor.csproj", "{A52D07BA-9027-A78C-815B-A0C90FAE7912}"
EndProject
Global
	GlobalSection(SolutionConfigurationPlatforms) = preSolution
		Debug|Any CPU = Debug|Any CPU
		Release|Any CPU = Release|Any CPU
	EndGlobalSection
	GlobalSection(ProjectConfigurationPlatforms) = postSolution
		{EDADD7AD-BC7A-4568-D457-33674703EF30}.Debug|Any CPU.ActiveCfg = Debug|Any CPU
		{EDADD7AD-BC7A-4568-D457-33674703EF30}.Debug|Any CPU.Build.0 = Debug|Any CPU
		{EDADD7AD-BC7A-4568-D457-33674703EF30}.Release|Any CPU.ActiveCfg = Release|Any CPU
		{EDADD7AD-BC7A-4568-D457-33674703EF30}.Release|Any CPU.Build.0 = Release|Any CPU
		{A52D07BA-9027-A78C-815B-A0C90FAE7912}.Debug|Any CPU.ActiveCfg = Debug|Any CPU
		{A52D07BA-9027-A78C-815B-A0C90FAE7912}.Debug|Any CPU.Build.0 = Debug|Any CPU
		{A52D07BA-9027-A78C-815B-A0C90FAE7912}.Release|Any CPU.ActiveCfg = Release|Any CPU
		{A52D07BA-9027-A78C-815B-A0C90FAE7912}.Release|Any CPU.Build.0 = Release|Any CPU
	EndGlobalSection
	GlobalSection(SolutionProperties) = preSolution
		HideSolutionNode = FALSE
	EndGlobalSection
	GlobalSection(MonoDevelopProperties) = preSolution
		StartupItem = Assembly-CSharp.csproj
	EndGlobalSection
EndGlobal
